{
  "name": "vagrant",
  "version": "1.0.0",
  "lockfileVersion": 1,
  "requires": true,
  "dependencies": {
    "@fortawesome/fontawesome-pro": {
      "version": "5.7.1",
      "resolved": "https://npm.fontawesome.com/@fortawesome/fontawesome-pro/-/fontawesome-pro-5.7.1.tgz",
      "integrity": "sha512-DuN3IpOAkoTy/XHfXDqhvQ9yCH08zIkZYCUdcCinxB833jxnBjwGAJE3Q2LFJuitl+yB29LnKycsSUtqQQXG3w=="
    },
    "foundation-sites": {
      "version": "6.5.1",
      "resolved": "https://registry.npmjs.org/foundation-sites/-/foundation-sites-6.5.1.tgz",
      "integrity": "sha512-Z+FiBvogwIDjRlefJ5pYkVcmsGx3pbndRJ80+OvPvI9UwfKCif6YtOyTxpCjUoS3XBlOms5vYonfnasp2V2wZw=="
    },
    "jquery": {
      "version": "3.3.1",
      "resolved": "https://registry.npmjs.org/jquery/-/jquery-3.3.1.tgz",
      "integrity": "sha512-Ubldcmxp5np52/ENotGxlLe6aGMvmF4R8S6tZjsP6Knsaxd/xp3Zrh50cG93lR6nPXyUFwzN3ZSOQI0wRJNdGg=="
    },
    "motion-ui": {
      "version": "2.0.3",
      "resolved": "https://registry.npmjs.org/motion-ui/-/motion-ui-2.0.3.tgz",
      "integrity": "sha512-f9xzh/hbZTUYjk4M7y1aDcsiPTfqUbuvCv/+If05TSIBEJMu3hGBU+YSe9csQPP7WBBHXxjossEygM/TJo2enw==",
      "dev": true
    }
  }
}
